
Microsoft Visual Studio Solution File, Format Version 12.00
# Visual Studio Version 16
VisualStudioVersion = 16.0.32106.194
MinimumVisualStudioVersion = 10.0.40219.1
Project("{8BC9CEB8-8B4A-11D0-8D11-00A0C91BC942}") = "data structure22_5_12", "data structure22_5_12.vcxproj", "{72885F85-9D2F-4A2A-BD1B-F64A8B6FE078}"
EndProject
Global
	GlobalSection(SolutionConfigurationPlatforms) = preSolution
		Debug|x64 = Debug|x64
		Debug|x86 = Debug|x86
		Release|x64 = Release|x64
		Release|x86 = Release|x86
	EndGlobalSection
	GlobalSection(ProjectConfigurationPlatforms) = postSolution
		{72885F85-9D2F-4A2A-BD1B-F64A8B6FE078}.Debug|x64.ActiveCfg = Debug|x64
		{72885F85-9D2F-4A2A-BD1B-F64A8B6FE078}.Debug|x64.Build.0 = Debug|x64
		{72885F85-9D2F-4A2A-BD1B-F64A8B6FE078}.Debug|x86.ActiveCfg = Debug|Win32
		{72885F85-9D2F-4A2A-BD1B-F64A8B6FE078}.Debug|x86.Build.0 = Debug|Win32
		{72885F85-9D2F-4A2A-BD1B-F64A8B6FE078}.Release|x64.ActiveCfg = Release|x64
		{72885F85-9D2F-4A2A-BD1B-F64A8B6FE078}.Release|x64.Build.0 = Release|x64
		{72885F85-9D2F-4A2A-BD1B-F64A8B6FE078}.Release|x86.ActiveCfg = Release|Win32
		{72885F85-9D2F-4A2A-BD1B-F64A8B6FE078}.Release|x86.Build.0 = Release|Win32
	EndGlobalSection
	GlobalSection(SolutionProperties) = preSolution
		HideSolutionNode = FALSE
	EndGlobalSection
	GlobalSection(ExtensibilityGlobals) = postSolution
		SolutionGuid = {85C56845-764D-40F1-9E0D-662CB22F8093}
	EndGlobalSection
EndGlobal
