
Microsoft Visual Studio Solution File, Format Version 12.00
# Visual Studio Version 16
VisualStudioVersion = 16.0.32106.194
MinimumVisualStudioVersion = 10.0.40219.1
Project("{8BC9CEB8-8B4A-11D0-8D11-00A0C91BC942}") = "jzxy", "jzxy.vcxproj", "{646A019A-E2E9-4578-89E5-02773A99B2F2}"
EndProject
Global
	GlobalSection(SolutionConfigurationPlatforms) = preSolution
		Debug|x64 = Debug|x64
		Debug|x86 = Debug|x86
		Release|x64 = Release|x64
		Release|x86 = Release|x86
	EndGlobalSection
	GlobalSection(ProjectConfigurationPlatforms) = postSolution
		{646A019A-E2E9-4578-89E5-02773A99B2F2}.Debug|x64.ActiveCfg = Debug|x64
		{646A019A-E2E9-4578-89E5-02773A99B2F2}.Debug|x64.Build.0 = Debug|x64
		{646A019A-E2E9-4578-89E5-02773A99B2F2}.Debug|x86.ActiveCfg = Debug|Win32
		{646A019A-E2E9-4578-89E5-02773A99B2F2}.Debug|x86.Build.0 = Debug|Win32
		{646A019A-E2E9-4578-89E5-02773A99B2F2}.Release|x64.ActiveCfg = Release|x64
		{646A019A-E2E9-4578-89E5-02773A99B2F2}.Release|x64.Build.0 = Release|x64
		{646A019A-E2E9-4578-89E5-02773A99B2F2}.Release|x86.ActiveCfg = Release|Win32
		{646A019A-E2E9-4578-89E5-02773A99B2F2}.Release|x86.Build.0 = Release|Win32
	EndGlobalSection
	GlobalSection(SolutionProperties) = preSolution
		HideSolutionNode = FALSE
	EndGlobalSection
	GlobalSection(ExtensibilityGlobals) = postSolution
		SolutionGuid = {EA544C2C-5DF0-41DB-B95E-7333FBBB8F71}
	EndGlobalSection
EndGlobal
